
Microsoft Visual Studio Solution File, Format Version 12.00
# Visual Studio Version 17
VisualStudioVersion = 17.3.32929.385
MinimumVisualStudioVersion = 10.0.40219.1
Project("{FAE04EC0-301F-11D3-BF4B-00C04F79EFBC}") = "TextEditor", "TextEditor.csproj", "{8A4BCA20-CCC8-417A-9F9A-36C25F73A7DF}"
EndProject
Global
	GlobalSection(SolutionConfigurationPlatforms) = preSolution
		Debug|Any CPU = Debug|Any CPU
		Release|Any CPU = Release|Any CPU
	EndGlobalSection
	GlobalSection(ProjectConfigurationPlatforms) = postSolution
		{8A4BCA20-CCC8-417A-9F9A-36C25F73A7DF}.Debug|Any CPU.ActiveCfg = Debug|Any CPU
		{8A4BCA20-CCC8-417A-9F9A-36C25F73A7DF}.Debug|Any CPU.Build.0 = Debug|Any CPU
		{8A4BCA20-CCC8-417A-9F9A-36C25F73A7DF}.Release|Any CPU.ActiveCfg = Release|Any CPU
		{8A4BCA20-CCC8-417A-9F9A-36C25F73A7DF}.Release|Any CPU.Build.0 = Release|Any CPU
	EndGlobalSection
	GlobalSection(SolutionProperties) = preSolution
		HideSolutionNode = FALSE
	EndGlobalSection
	GlobalSection(ExtensibilityGlobals) = postSolution
		SolutionGuid = {D825ED2A-081E-46D0-8BD7-77DBCDDCB33C}
	EndGlobalSection
EndGlobal
